
Microsoft Visual Studio Solution File, Format Version 12.00
# Visual Studio Version 16
VisualStudioVersion = 16.0.29613.14
MinimumVisualStudioVersion = 10.0.40219.1
Project("{2150E333-8FDC-42A3-9474-1A3956D46DE8}") = "04_Infrastructure", "04_Infrastructure", "{D192A0BF-601E-49A8-8928-58C8E9AFE128}"
EndProject
Project("{2150E333-8FDC-42A3-9474-1A3956D46DE8}") = "00_Document", "00_Document", "{BF019DEB-C073-4698-A1B0-CFBA76C54293}"
	ProjectSection(SolutionItems) = preProject
		src\00_Document\0TotalRemarks.md = src\00_Document\0TotalRemarks.md
		src\00_Document\1UserInterFace.md = src\00_Document\1UserInterFace.md
		src\00_Document\2Application.md = src\00_Document\2Application.md
		src\00_Document\3Domain.md = src\00_Document\3Domain.md
		src\00_Document\4Infrastructure.md = src\00_Document\4Infrastructure.md
	EndProjectSection
EndProject
Project("{2150E333-8FDC-42A3-9474-1A3956D46DE8}") = "02_Application", "02_Application", "{1A220744-4B14-4F24-AB88-6A023C2DE42F}"
EndProject
Project("{2150E333-8FDC-42A3-9474-1A3956D46DE8}") = "01_UserInterFace", "01_UserInterFace", "{D6046951-53A7-4F10-9619-F5717D0F2FF2}"
EndProject
Project("{2150E333-8FDC-42A3-9474-1A3956D46DE8}") = "03_Domain", "03_Domain", "{170A30E7-AA88-4F3F-979C-3D18F9023EFC}"
EndProject
Project("{9A19103F-16F7-4668-BE54-9A1E7A4F7556}") = "SAAS.Api", "src\01_UserInterFace\SAAS.Api\SAAS.Api.csproj", "{363903D6-95EF-4798-8CE3-426B662FD560}"
EndProject
Project("{9A19103F-16F7-4668-BE54-9A1E7A4F7556}") = "Demo.Service", "src\02_Application\SAAS.Service\Demo.Service\Demo.Service.csproj", "{3127D08B-3B19-4894-B71A-CFC30F8E9E09}"
EndProject
Project("{9A19103F-16F7-4668-BE54-9A1E7A4F7556}") = "SAAS.FrameWork", "src\04_Infrastructure\SAAS.FrameWork\SAAS.FrameWork\SAAS.FrameWork.csproj", "{67AC923D-D942-461E-A109-97936ED0745B}"
EndProject
Project("{9A19103F-16F7-4668-BE54-9A1E7A4F7556}") = "SAAS.FrameWork.Caches", "src\04_Infrastructure\SAAS.FrameWork.Caches\SAAS.FrameWork.Caches\SAAS.FrameWork.Caches.csproj", "{19B7CA25-23B0-41E0-90A1-34227392941F}"
EndProject
Project("{9A19103F-16F7-4668-BE54-9A1E7A4F7556}") = "SAAS.FrameWork.DynamicCompile", "src\04_Infrastructure\SAAS.FrameWork.DynamicCompile\SAAS.FrameWork.DynamicCompile\SAAS.FrameWork.DynamicCompile.csproj", "{C46AE591-1CC0-4AF5-8316-AF2162519685}"
EndProject
Project("{9A19103F-16F7-4668-BE54-9A1E7A4F7556}") = "SAAS.FrameWork.Excel", "src\04_Infrastructure\SAAS.FrameWork.Excel\SAAS.FrameWork.Excel\SAAS.FrameWork.Excel.csproj", "{D83D7EB5-92B3-4FED-BFA4-A717E2E4C880}"
EndProject
Project("{9A19103F-16F7-4668-BE54-9A1E7A4F7556}") = "SAAS.FrameWork.IOC", "src\04_Infrastructure\SAAS.FrameWork.IOC\SAAS.FrameWork.IOC\SAAS.FrameWork.IOC.csproj", "{271B35E8-6609-46AA-9EF2-4E98B2127DF6}"
EndProject
Project("{2150E333-8FDC-42A3-9474-1A3956D46DE8}") = "AppService", "AppService", "{3153E7CD-B12C-4037-8F11-9586C4A25E99}"
EndProject
Project("{2150E333-8FDC-42A3-9474-1A3956D46DE8}") = "MiddleService", "MiddleService", "{195A2905-D1C4-4D72-8DD2-CF122ED15B22}"
EndProject
Project("{2150E333-8FDC-42A3-9474-1A3956D46DE8}") = "SAAS.DB", "SAAS.DB", "{C9FB9EE6-5F51-41F3-B163-51BB102DCF63}"
EndProject
Project("{2150E333-8FDC-42A3-9474-1A3956D46DE8}") = "SAAS.MQ", "SAAS.MQ", "{6A76EEE2-21EC-416C-AE51-E45657F6082C}"
EndProject
Project("{9A19103F-16F7-4668-BE54-9A1E7A4F7556}") = "SAAS.Mq.Rabitmq", "src\04_Infrastructure\SAAS.Mq\Rabitmq\SAAS.Rabitmq\SAAS.Mq.Rabitmq.csproj", "{53D651C6-18B4-4CEA-89FF-14A86640DD12}"
EndProject
Project("{2150E333-8FDC-42A3-9474-1A3956D46DE8}") = "Rabitmq", "Rabitmq", "{7971DB35-A91C-47EA-BE8A-6DC3D8A9B220}"
EndProject
Project("{9A19103F-16F7-4668-BE54-9A1E7A4F7556}") = "SAAS.Mq.Socket", "src\04_Infrastructure\SAAS.Mq\Socket\SAAS.Mq.Socket\SAAS.Mq.Socket.csproj", "{6F8BE4FC-0939-4EFF-9367-F07144845FBB}"
EndProject
Project("{2150E333-8FDC-42A3-9474-1A3956D46DE8}") = "Socket", "Socket", "{136536A8-E33D-4191-96F1-289546245251}"
EndProject
Project("{9A19103F-16F7-4668-BE54-9A1E7A4F7556}") = "SAAS.Dapper.Extension.MsSql", "src\04_Infrastructure\SAAS.DB\SAAS.Dapper.Extension.MsSql\SAAS.Dapper.Extension.MsSql.csproj", "{EBEB9B4B-91CB-415F-A34E-79EE115CFEB7}"
EndProject
Project("{9A19103F-16F7-4668-BE54-9A1E7A4F7556}") = "SAAS.Dapper.Extension.MySql", "src\04_Infrastructure\SAAS.DB\SAAS.Dapper.Extension.MySql\SAAS.Dapper.Extension.MySql.csproj", "{40910E4B-0670-4D84-AE95-0DFD7EAF47F4}"
EndProject
Project("{9A19103F-16F7-4668-BE54-9A1E7A4F7556}") = "SAAS.Framework.Orm.EfCore", "src\04_Infrastructure\SAAS.DB\SAAS.DB.EfCore\SAAS.Framework.Orm.EfCore.csproj", "{6C14E4C1-FC0D-4895-A1E6-A1785D905388}"
EndProject
Project("{9A19103F-16F7-4668-BE54-9A1E7A4F7556}") = "SAAS.Framework.Orm.Dapper", "src\04_Infrastructure\SAAS.DB\SAAS.Framework.Orm.Dapper\SAAS.Framework.Orm.Dapper.csproj", "{932EC684-85F6-496E-825F-7168F4DBAF49}"
EndProject
Project("{9A19103F-16F7-4668-BE54-9A1E7A4F7556}") = "SAAS.Dapper.Extension", "src\04_Infrastructure\SAAS.DB\SAAS.Dapper.Extension\SAAS.Dapper.Extension.csproj", "{51163B69-8A48-4A4B-A107-E527A9C33F47}"
EndProject
Project("{9A19103F-16F7-4668-BE54-9A1E7A4F7556}") = "AopAutoFacService", "src\02_Application\SAAS.MiddleService\AopAutoService\AopAutoFacService.csproj", "{A0928263-B038-499D-AEEE-C1C24511AB8B}"
EndProject
Project("{9A19103F-16F7-4668-BE54-9A1E7A4F7556}") = "CacheSqlXmlService", "src\02_Application\SAAS.MiddleService\CacheSqlXmlService\CacheSqlXmlService.csproj", "{15FB76C0-1808-489E-81D5-330D3F3FFB85}"
EndProject
Project("{9A19103F-16F7-4668-BE54-9A1E7A4F7556}") = "CommonInterface", "src\02_Application\SAAS.MiddleService\CommonInterface\CommonInterface.csproj", "{CD7A33EE-DC8F-40D5-A0A4-BE97D52C2B6B}"
EndProject
Project("{9A19103F-16F7-4668-BE54-9A1E7A4F7556}") = "ConfigurationService", "src\02_Application\SAAS.MiddleService\ConfigurationService\ConfigurationService.csproj", "{E206F8EF-3F7F-4E39-B620-CDBF630412F4}"
EndProject
Project("{9A19103F-16F7-4668-BE54-9A1E7A4F7556}") = "ExceptionMiddleService", "src\02_Application\SAAS.MiddleService\ExceptionService\ExceptionMiddleService.csproj", "{923AE6B6-5197-4521-BEBB-6CF9804318EE}"
EndProject
Project("{9A19103F-16F7-4668-BE54-9A1E7A4F7556}") = "MapperService", "src\02_Application\SAAS.MiddleService\Mapper.Service\MapperService.csproj", "{E06C75C7-4512-4D26-91CD-9532929A1FCC}"
EndProject
Project("{9A19103F-16F7-4668-BE54-9A1E7A4F7556}") = "OauthService", "src\02_Application\SAAS.MiddleService\OauthService\OauthService.csproj", "{9F3C669F-6ADB-4746-88A4-EF58039CBB3D}"
EndProject
Project("{9A19103F-16F7-4668-BE54-9A1E7A4F7556}") = "RedisXmlService", "src\02_Application\SAAS.MiddleService\SAAS.Common\RedisXmlService.csproj", "{C6FF341C-DD7C-4C5D-9664-73B85DFF1C31}"
EndProject
Project("{9A19103F-16F7-4668-BE54-9A1E7A4F7556}") = "SwaggerService", "src\02_Application\SAAS.MiddleService\SAAS.Swagger\SwaggerService.csproj", "{B10C9478-DBD9-4E74-85A2-28643B6EA94F}"
EndProject
Project("{9A19103F-16F7-4668-BE54-9A1E7A4F7556}") = "User.Service", "src\02_Application\SAAS.Service\User.Service\User.Service.csproj", "{C283B932-98CB-4D67-90D7-91C85E6997DE}"
EndProject
Project("{2150E333-8FDC-42A3-9474-1A3956D46DE8}") = "dapper", "dapper", "{C82EF215-A76D-449C-BF4B-0A168D42895D}"
EndProject
Project("{2150E333-8FDC-42A3-9474-1A3956D46DE8}") = "DbSql", "DbSql", "{24515B16-A51F-4D19-9887-DCEB56A07321}"
	ProjectSection(SolutionItems) = preProject
		C:\Users\sam\Desktop\Sys_Base_Db.sql = C:\Users\sam\Desktop\Sys_Base_Db.sql
	EndProjectSection
EndProject
Project("{2150E333-8FDC-42A3-9474-1A3956D46DE8}") = "MySql", "MySql", "{38E8F987-64BC-4C26-AA18-4D15496267F7}"
EndProject
Project("{2150E333-8FDC-42A3-9474-1A3956D46DE8}") = "MsSql", "MsSql", "{51A7D3ED-412E-435C-B5B8-30510474AE8E}"
EndProject
Project("{2150E333-8FDC-42A3-9474-1A3956D46DE8}") = "ef", "ef", "{311ACF6C-D672-4582-893A-40DC9F993559}"
EndProject
Project("{9A19103F-16F7-4668-BE54-9A1E7A4F7556}") = "Demo.Domain", "src\03_Domain\MySql\Demo.Domain\Demo.Domain.csproj", "{5E5E309B-9B90-47A8-BB5D-9ABDE32CB756}"
EndProject
Project("{9A19103F-16F7-4668-BE54-9A1E7A4F7556}") = "DemoEF.Domain", "src\03_Domain\MySql\DemoEF.Domain\DemoEF.Domain.csproj", "{D7170F13-179C-4A33-8546-C781FFDEE58D}"
EndProject
Project("{9A19103F-16F7-4668-BE54-9A1E7A4F7556}") = "SysBase.Domain", "src\03_Domain\MsSql\SysBase.Domain\SysBase.Domain.csproj", "{C3406694-3C2C-462E-900D-8EB60B0828E6}"
EndProject
Project("{2150E333-8FDC-42A3-9474-1A3956D46DE8}") = "Dapper.Lamada", "Dapper.Lamada", "{82ACD6F1-0205-44D2-9233-04B2670A9844}"
EndProject
Project("{9A19103F-16F7-4668-BE54-9A1E7A4F7556}") = "Common.Service", "src\02_Application\SAAS.Service\Common.Service\Common.Service.csproj", "{6D1CD9D3-2BF9-40DF-8E6A-6F6DAABC7EEE}"
EndProject
Project("{9A19103F-16F7-4668-BE54-9A1E7A4F7556}") = "TaskService", "src\02_Application\SAAS.MiddleService\TaskService\TaskService.csproj", "{CA963959-960C-4D73-AA8D-E9A9ED0DCDF1}"
EndProject
Project("{9A19103F-16F7-4668-BE54-9A1E7A4F7556}") = "IdentityS4", "src\01_UserInterFace\SAAS.IdentityS4\IdentityS4.csproj", "{A0232D3E-69BB-458A-B615-039E8C077865}"
EndProject
Global
	GlobalSection(SolutionConfigurationPlatforms) = preSolution
		Debug|Any CPU = Debug|Any CPU
		Release|Any CPU = Release|Any CPU
	EndGlobalSection
	GlobalSection(ProjectConfigurationPlatforms) = postSolution
		{363903D6-95EF-4798-8CE3-426B662FD560}.Debug|Any CPU.ActiveCfg = Debug|Any CPU
		{363903D6-95EF-4798-8CE3-426B662FD560}.Debug|Any CPU.Build.0 = Debug|Any CPU
		{363903D6-95EF-4798-8CE3-426B662FD560}.Release|Any CPU.ActiveCfg = Release|Any CPU
		{363903D6-95EF-4798-8CE3-426B662FD560}.Release|Any CPU.Build.0 = Release|Any CPU
		{3127D08B-3B19-4894-B71A-CFC30F8E9E09}.Debug|Any CPU.ActiveCfg = Debug|Any CPU
		{3127D08B-3B19-4894-B71A-CFC30F8E9E09}.Debug|Any CPU.Build.0 = Debug|Any CPU
		{3127D08B-3B19-4894-B71A-CFC30F8E9E09}.Release|Any CPU.ActiveCfg = Release|Any CPU
		{3127D08B-3B19-4894-B71A-CFC30F8E9E09}.Release|Any CPU.Build.0 = Release|Any CPU
		{67AC923D-D942-461E-A109-97936ED0745B}.Debug|Any CPU.ActiveCfg = Debug|Any CPU
		{67AC923D-D942-461E-A109-97936ED0745B}.Debug|Any CPU.Build.0 = Debug|Any CPU
		{67AC923D-D942-461E-A109-97936ED0745B}.Release|Any CPU.ActiveCfg = Release|Any CPU
		{67AC923D-D942-461E-A109-97936ED0745B}.Release|Any CPU.Build.0 = Release|Any CPU
		{19B7CA25-23B0-41E0-90A1-34227392941F}.Debug|Any CPU.ActiveCfg = Debug|Any CPU
		{19B7CA25-23B0-41E0-90A1-34227392941F}.Debug|Any CPU.Build.0 = Debug|Any CPU
		{19B7CA25-23B0-41E0-90A1-34227392941F}.Release|Any CPU.ActiveCfg = Release|Any CPU
		{19B7CA25-23B0-41E0-90A1-34227392941F}.Release|Any CPU.Build.0 = Release|Any CPU
		{C46AE591-1CC0-4AF5-8316-AF2162519685}.Debug|Any CPU.ActiveCfg = Debug|Any CPU
		{C46AE591-1CC0-4AF5-8316-AF2162519685}.Debug|Any CPU.Build.0 = Debug|Any CPU
		{C46AE591-1CC0-4AF5-8316-AF2162519685}.Release|Any CPU.ActiveCfg = Release|Any CPU
		{C46AE591-1CC0-4AF5-8316-AF2162519685}.Release|Any CPU.Build.0 = Release|Any CPU
		{D83D7EB5-92B3-4FED-BFA4-A717E2E4C880}.Debug|Any CPU.ActiveCfg = Debug|Any CPU
		{D83D7EB5-92B3-4FED-BFA4-A717E2E4C880}.Debug|Any CPU.Build.0 = Debug|Any CPU
		{D83D7EB5-92B3-4FED-BFA4-A717E2E4C880}.Release|Any CPU.ActiveCfg = Release|Any CPU
		{D83D7EB5-92B3-4FED-BFA4-A717E2E4C880}.Release|Any CPU.Build.0 = Release|Any CPU
		{271B35E8-6609-46AA-9EF2-4E98B2127DF6}.Debug|Any CPU.ActiveCfg = Debug|Any CPU
		{271B35E8-6609-46AA-9EF2-4E98B2127DF6}.Debug|Any CPU.Build.0 = Debug|Any CPU
		{271B35E8-6609-46AA-9EF2-4E98B2127DF6}.Release|Any CPU.ActiveCfg = Release|Any CPU
		{271B35E8-6609-46AA-9EF2-4E98B2127DF6}.Release|Any CPU.Build.0 = Release|Any CPU
		{53D651C6-18B4-4CEA-89FF-14A86640DD12}.Debug|Any CPU.ActiveCfg = Debug|Any CPU
		{53D651C6-18B4-4CEA-89FF-14A86640DD12}.Debug|Any CPU.Build.0 = Debug|Any CPU
		{53D651C6-18B4-4CEA-89FF-14A86640DD12}.Release|Any CPU.ActiveCfg = Release|Any CPU
		{53D651C6-18B4-4CEA-89FF-14A86640DD12}.Release|Any CPU.Build.0 = Release|Any CPU
		{6F8BE4FC-0939-4EFF-9367-F07144845FBB}.Debug|Any CPU.ActiveCfg = Debug|Any CPU
		{6F8BE4FC-0939-4EFF-9367-F07144845FBB}.Debug|Any CPU.Build.0 = Debug|Any CPU
		{6F8BE4FC-0939-4EFF-9367-F07144845FBB}.Release|Any CPU.ActiveCfg = Release|Any CPU
		{6F8BE4FC-0939-4EFF-9367-F07144845FBB}.Release|Any CPU.Build.0 = Release|Any CPU
		{EBEB9B4B-91CB-415F-A34E-79EE115CFEB7}.Debug|Any CPU.ActiveCfg = Debug|Any CPU
		{EBEB9B4B-91CB-415F-A34E-79EE115CFEB7}.Debug|Any CPU.Build.0 = Debug|Any CPU
		{EBEB9B4B-91CB-415F-A34E-79EE115CFEB7}.Release|Any CPU.ActiveCfg = Release|Any CPU
		{EBEB9B4B-91CB-415F-A34E-79EE115CFEB7}.Release|Any CPU.Build.0 = Release|Any CPU
		{40910E4B-0670-4D84-AE95-0DFD7EAF47F4}.Debug|Any CPU.ActiveCfg = Debug|Any CPU
		{40910E4B-0670-4D84-AE95-0DFD7EAF47F4}.Debug|Any CPU.Build.0 = Debug|Any CPU
		{40910E4B-0670-4D84-AE95-0DFD7EAF47F4}.Release|Any CPU.ActiveCfg = Release|Any CPU
		{40910E4B-0670-4D84-AE95-0DFD7EAF47F4}.Release|Any CPU.Build.0 = Release|Any CPU
		{6C14E4C1-FC0D-4895-A1E6-A1785D905388}.Debug|Any CPU.ActiveCfg = Debug|Any CPU
		{6C14E4C1-FC0D-4895-A1E6-A1785D905388}.Debug|Any CPU.Build.0 = Debug|Any CPU
		{6C14E4C1-FC0D-4895-A1E6-A1785D905388}.Release|Any CPU.ActiveCfg = Release|Any CPU
		{6C14E4C1-FC0D-4895-A1E6-A1785D905388}.Release|Any CPU.Build.0 = Release|Any CPU
		{932EC684-85F6-496E-825F-7168F4DBAF49}.Debug|Any CPU.ActiveCfg = Debug|Any CPU
		{932EC684-85F6-496E-825F-7168F4DBAF49}.Debug|Any CPU.Build.0 = Debug|Any CPU
		{932EC684-85F6-496E-825F-7168F4DBAF49}.Release|Any CPU.ActiveCfg = Release|Any CPU
		{932EC684-85F6-496E-825F-7168F4DBAF49}.Release|Any CPU.Build.0 = Release|Any CPU
		{51163B69-8A48-4A4B-A107-E527A9C33F47}.Debug|Any CPU.ActiveCfg = Debug|Any CPU
		{51163B69-8A48-4A4B-A107-E527A9C33F47}.Debug|Any CPU.Build.0 = Debug|Any CPU
		{51163B69-8A48-4A4B-A107-E527A9C33F47}.Release|Any CPU.ActiveCfg = Release|Any CPU
		{51163B69-8A48-4A4B-A107-E527A9C33F47}.Release|Any CPU.Build.0 = Release|Any CPU
		{A0928263-B038-499D-AEEE-C1C24511AB8B}.Debug|Any CPU.ActiveCfg = Debug|Any CPU
		{A0928263-B038-499D-AEEE-C1C24511AB8B}.Debug|Any CPU.Build.0 = Debug|Any CPU
		{A0928263-B038-499D-AEEE-C1C24511AB8B}.Release|Any CPU.ActiveCfg = Release|Any CPU
		{A0928263-B038-499D-AEEE-C1C24511AB8B}.Release|Any CPU.Build.0 = Release|Any CPU
		{15FB76C0-1808-489E-81D5-330D3F3FFB85}.Debug|Any CPU.ActiveCfg = Debug|Any CPU
		{15FB76C0-1808-489E-81D5-330D3F3FFB85}.Debug|Any CPU.Build.0 = Debug|Any CPU
		{15FB76C0-1808-489E-81D5-330D3F3FFB85}.Release|Any CPU.ActiveCfg = Release|Any CPU
		{15FB76C0-1808-489E-81D5-330D3F3FFB85}.Release|Any CPU.Build.0 = Release|Any CPU
		{CD7A33EE-DC8F-40D5-A0A4-BE97D52C2B6B}.Debug|Any CPU.ActiveCfg = Debug|Any CPU
		{CD7A33EE-DC8F-40D5-A0A4-BE97D52C2B6B}.Debug|Any CPU.Build.0 = Debug|Any CPU
		{CD7A33EE-DC8F-40D5-A0A4-BE97D52C2B6B}.Release|Any CPU.ActiveCfg = Release|Any CPU
		{CD7A33EE-DC8F-40D5-A0A4-BE97D52C2B6B}.Release|Any CPU.Build.0 = Release|Any CPU
		{E206F8EF-3F7F-4E39-B620-CDBF630412F4}.Debug|Any CPU.ActiveCfg = Debug|Any CPU
		{E206F8EF-3F7F-4E39-B620-CDBF630412F4}.Debug|Any CPU.Build.0 = Debug|Any CPU
		{E206F8EF-3F7F-4E39-B620-CDBF630412F4}.Release|Any CPU.ActiveCfg = Release|Any CPU
		{E206F8EF-3F7F-4E39-B620-CDBF630412F4}.Release|Any CPU.Build.0 = Release|Any CPU
		{923AE6B6-5197-4521-BEBB-6CF9804318EE}.Debug|Any CPU.ActiveCfg = Debug|Any CPU
		{923AE6B6-5197-4521-BEBB-6CF9804318EE}.Debug|Any CPU.Build.0 = Debug|Any CPU
		{923AE6B6-5197-4521-BEBB-6CF9804318EE}.Release|Any CPU.ActiveCfg = Release|Any CPU
		{923AE6B6-5197-4521-BEBB-6CF9804318EE}.Release|Any CPU.Build.0 = Release|Any CPU
		{E06C75C7-4512-4D26-91CD-9532929A1FCC}.Debug|Any CPU.ActiveCfg = Debug|Any CPU
		{E06C75C7-4512-4D26-91CD-9532929A1FCC}.Debug|Any CPU.Build.0 = Debug|Any CPU
		{E06C75C7-4512-4D26-91CD-9532929A1FCC}.Release|Any CPU.ActiveCfg = Release|Any CPU
		{E06C75C7-4512-4D26-91CD-9532929A1FCC}.Release|Any CPU.Build.0 = Release|Any CPU
		{9F3C669F-6ADB-4746-88A4-EF58039CBB3D}.Debug|Any CPU.ActiveCfg = Debug|Any CPU
		{9F3C669F-6ADB-4746-88A4-EF58039CBB3D}.Debug|Any CPU.Build.0 = Debug|Any CPU
		{9F3C669F-6ADB-4746-88A4-EF58039CBB3D}.Release|Any CPU.ActiveCfg = Release|Any CPU
		{9F3C669F-6ADB-4746-88A4-EF58039CBB3D}.Release|Any CPU.Build.0 = Release|Any CPU
		{C6FF341C-DD7C-4C5D-9664-73B85DFF1C31}.Debug|Any CPU.ActiveCfg = Debug|Any CPU
		{C6FF341C-DD7C-4C5D-9664-73B85DFF1C31}.Debug|Any CPU.Build.0 = Debug|Any CPU
		{C6FF341C-DD7C-4C5D-9664-73B85DFF1C31}.Release|Any CPU.ActiveCfg = Release|Any CPU
		{C6FF341C-DD7C-4C5D-9664-73B85DFF1C31}.Release|Any CPU.Build.0 = Release|Any CPU
		{B10C9478-DBD9-4E74-85A2-28643B6EA94F}.Debug|Any CPU.ActiveCfg = Debug|Any CPU
		{B10C9478-DBD9-4E74-85A2-28643B6EA94F}.Debug|Any CPU.Build.0 = Debug|Any CPU
		{B10C9478-DBD9-4E74-85A2-28643B6EA94F}.Release|Any CPU.ActiveCfg = Release|Any CPU
		{B10C9478-DBD9-4E74-85A2-28643B6EA94F}.Release|Any CPU.Build.0 = Release|Any CPU
		{C283B932-98CB-4D67-90D7-91C85E6997DE}.Debug|Any CPU.ActiveCfg = Debug|Any CPU
		{C283B932-98CB-4D67-90D7-91C85E6997DE}.Debug|Any CPU.Build.0 = Debug|Any CPU
		{C283B932-98CB-4D67-90D7-91C85E6997DE}.Release|Any CPU.ActiveCfg = Release|Any CPU
		{C283B932-98CB-4D67-90D7-91C85E6997DE}.Release|Any CPU.Build.0 = Release|Any CPU
		{5E5E309B-9B90-47A8-BB5D-9ABDE32CB756}.Debug|Any CPU.ActiveCfg = Debug|Any CPU
		{5E5E309B-9B90-47A8-BB5D-9ABDE32CB756}.Debug|Any CPU.Build.0 = Debug|Any CPU
		{5E5E309B-9B90-47A8-BB5D-9ABDE32CB756}.Release|Any CPU.ActiveCfg = Release|Any CPU
		{5E5E309B-9B90-47A8-BB5D-9ABDE32CB756}.Release|Any CPU.Build.0 = Release|Any CPU
		{D7170F13-179C-4A33-8546-C781FFDEE58D}.Debug|Any CPU.ActiveCfg = Debug|Any CPU
		{D7170F13-179C-4A33-8546-C781FFDEE58D}.Debug|Any CPU.Build.0 = Debug|Any CPU
		{D7170F13-179C-4A33-8546-C781FFDEE58D}.Release|Any CPU.ActiveCfg = Release|Any CPU
		{D7170F13-179C-4A33-8546-C781FFDEE58D}.Release|Any CPU.Build.0 = Release|Any CPU
		{C3406694-3C2C-462E-900D-8EB60B0828E6}.Debug|Any CPU.ActiveCfg = Debug|Any CPU
		{C3406694-3C2C-462E-900D-8EB60B0828E6}.Debug|Any CPU.Build.0 = Debug|Any CPU
		{C3406694-3C2C-462E-900D-8EB60B0828E6}.Release|Any CPU.ActiveCfg = Release|Any CPU
		{C3406694-3C2C-462E-900D-8EB60B0828E6}.Release|Any CPU.Build.0 = Release|Any CPU
		{6D1CD9D3-2BF9-40DF-8E6A-6F6DAABC7EEE}.Debug|Any CPU.ActiveCfg = Debug|Any CPU
		{6D1CD9D3-2BF9-40DF-8E6A-6F6DAABC7EEE}.Debug|Any CPU.Build.0 = Debug|Any CPU
		{6D1CD9D3-2BF9-40DF-8E6A-6F6DAABC7EEE}.Release|Any CPU.ActiveCfg = Release|Any CPU
		{6D1CD9D3-2BF9-40DF-8E6A-6F6DAABC7EEE}.Release|Any CPU.Build.0 = Release|Any CPU
		{CA963959-960C-4D73-AA8D-E9A9ED0DCDF1}.Debug|Any CPU.ActiveCfg = Debug|Any CPU
		{CA963959-960C-4D73-AA8D-E9A9ED0DCDF1}.Debug|Any CPU.Build.0 = Debug|Any CPU
		{CA963959-960C-4D73-AA8D-E9A9ED0DCDF1}.Release|Any CPU.ActiveCfg = Release|Any CPU
		{CA963959-960C-4D73-AA8D-E9A9ED0DCDF1}.Release|Any CPU.Build.0 = Release|Any CPU
		{A0232D3E-69BB-458A-B615-039E8C077865}.Debug|Any CPU.ActiveCfg = Debug|Any CPU
		{A0232D3E-69BB-458A-B615-039E8C077865}.Debug|Any CPU.Build.0 = Debug|Any CPU
		{A0232D3E-69BB-458A-B615-039E8C077865}.Release|Any CPU.ActiveCfg = Release|Any CPU
		{A0232D3E-69BB-458A-B615-039E8C077865}.Release|Any CPU.Build.0 = Release|Any CPU
	EndGlobalSection
	GlobalSection(SolutionProperties) = preSolution
		HideSolutionNode = FALSE
	EndGlobalSection
	GlobalSection(NestedProjects) = preSolution
		{363903D6-95EF-4798-8CE3-426B662FD560} = {D6046951-53A7-4F10-9619-F5717D0F2FF2}
		{3127D08B-3B19-4894-B71A-CFC30F8E9E09} = {3153E7CD-B12C-4037-8F11-9586C4A25E99}
		{67AC923D-D942-461E-A109-97936ED0745B} = {D192A0BF-601E-49A8-8928-58C8E9AFE128}
		{19B7CA25-23B0-41E0-90A1-34227392941F} = {D192A0BF-601E-49A8-8928-58C8E9AFE128}
		{C46AE591-1CC0-4AF5-8316-AF2162519685} = {D192A0BF-601E-49A8-8928-58C8E9AFE128}
		{D83D7EB5-92B3-4FED-BFA4-A717E2E4C880} = {D192A0BF-601E-49A8-8928-58C8E9AFE128}
		{271B35E8-6609-46AA-9EF2-4E98B2127DF6} = {D192A0BF-601E-49A8-8928-58C8E9AFE128}
		{3153E7CD-B12C-4037-8F11-9586C4A25E99} = {1A220744-4B14-4F24-AB88-6A023C2DE42F}
		{195A2905-D1C4-4D72-8DD2-CF122ED15B22} = {1A220744-4B14-4F24-AB88-6A023C2DE42F}
		{C9FB9EE6-5F51-41F3-B163-51BB102DCF63} = {D192A0BF-601E-49A8-8928-58C8E9AFE128}
		{6A76EEE2-21EC-416C-AE51-E45657F6082C} = {D192A0BF-601E-49A8-8928-58C8E9AFE128}
		{53D651C6-18B4-4CEA-89FF-14A86640DD12} = {7971DB35-A91C-47EA-BE8A-6DC3D8A9B220}
		{7971DB35-A91C-47EA-BE8A-6DC3D8A9B220} = {6A76EEE2-21EC-416C-AE51-E45657F6082C}
		{6F8BE4FC-0939-4EFF-9367-F07144845FBB} = {136536A8-E33D-4191-96F1-289546245251}
		{136536A8-E33D-4191-96F1-289546245251} = {6A76EEE2-21EC-416C-AE51-E45657F6082C}
		{EBEB9B4B-91CB-415F-A34E-79EE115CFEB7} = {82ACD6F1-0205-44D2-9233-04B2670A9844}
		{40910E4B-0670-4D84-AE95-0DFD7EAF47F4} = {82ACD6F1-0205-44D2-9233-04B2670A9844}
		{6C14E4C1-FC0D-4895-A1E6-A1785D905388} = {311ACF6C-D672-4582-893A-40DC9F993559}
		{932EC684-85F6-496E-825F-7168F4DBAF49} = {C82EF215-A76D-449C-BF4B-0A168D42895D}
		{51163B69-8A48-4A4B-A107-E527A9C33F47} = {82ACD6F1-0205-44D2-9233-04B2670A9844}
		{A0928263-B038-499D-AEEE-C1C24511AB8B} = {195A2905-D1C4-4D72-8DD2-CF122ED15B22}
		{15FB76C0-1808-489E-81D5-330D3F3FFB85} = {195A2905-D1C4-4D72-8DD2-CF122ED15B22}
		{CD7A33EE-DC8F-40D5-A0A4-BE97D52C2B6B} = {195A2905-D1C4-4D72-8DD2-CF122ED15B22}
		{E206F8EF-3F7F-4E39-B620-CDBF630412F4} = {195A2905-D1C4-4D72-8DD2-CF122ED15B22}
		{923AE6B6-5197-4521-BEBB-6CF9804318EE} = {195A2905-D1C4-4D72-8DD2-CF122ED15B22}
		{E06C75C7-4512-4D26-91CD-9532929A1FCC} = {195A2905-D1C4-4D72-8DD2-CF122ED15B22}
		{9F3C669F-6ADB-4746-88A4-EF58039CBB3D} = {195A2905-D1C4-4D72-8DD2-CF122ED15B22}
		{C6FF341C-DD7C-4C5D-9664-73B85DFF1C31} = {195A2905-D1C4-4D72-8DD2-CF122ED15B22}
		{B10C9478-DBD9-4E74-85A2-28643B6EA94F} = {195A2905-D1C4-4D72-8DD2-CF122ED15B22}
		{C283B932-98CB-4D67-90D7-91C85E6997DE} = {3153E7CD-B12C-4037-8F11-9586C4A25E99}
		{C82EF215-A76D-449C-BF4B-0A168D42895D} = {C9FB9EE6-5F51-41F3-B163-51BB102DCF63}
		{24515B16-A51F-4D19-9887-DCEB56A07321} = {BF019DEB-C073-4698-A1B0-CFBA76C54293}
		{38E8F987-64BC-4C26-AA18-4D15496267F7} = {170A30E7-AA88-4F3F-979C-3D18F9023EFC}
		{51A7D3ED-412E-435C-B5B8-30510474AE8E} = {170A30E7-AA88-4F3F-979C-3D18F9023EFC}
		{311ACF6C-D672-4582-893A-40DC9F993559} = {C9FB9EE6-5F51-41F3-B163-51BB102DCF63}
		{5E5E309B-9B90-47A8-BB5D-9ABDE32CB756} = {38E8F987-64BC-4C26-AA18-4D15496267F7}
		{D7170F13-179C-4A33-8546-C781FFDEE58D} = {38E8F987-64BC-4C26-AA18-4D15496267F7}
		{C3406694-3C2C-462E-900D-8EB60B0828E6} = {51A7D3ED-412E-435C-B5B8-30510474AE8E}
		{82ACD6F1-0205-44D2-9233-04B2670A9844} = {C82EF215-A76D-449C-BF4B-0A168D42895D}
		{6D1CD9D3-2BF9-40DF-8E6A-6F6DAABC7EEE} = {3153E7CD-B12C-4037-8F11-9586C4A25E99}
		{CA963959-960C-4D73-AA8D-E9A9ED0DCDF1} = {195A2905-D1C4-4D72-8DD2-CF122ED15B22}
		{A0232D3E-69BB-458A-B615-039E8C077865} = {D6046951-53A7-4F10-9619-F5717D0F2FF2}
	EndGlobalSection
	GlobalSection(ExtensibilityGlobals) = postSolution
		SolutionGuid = {529E56C3-8A30-4D4A-85C8-725F0B4293E9}
	EndGlobalSection
EndGlobal
